
Microsoft Visual Studio Solution File, Format Version 12.00
# Visual Studio Version 17
VisualStudioVersion = 17.5.33414.496
MinimumVisualStudioVersion = 10.0.40219.1
Project("{8BC9CEB8-8B4A-11D0-8D11-00A0C91BC942}") = "pewarisan", "pewarisan\pewarisan.vcxproj", "{ABBB50CF-C4DB-4EC5-905A-24068E1D4C3C}"
EndProject
Project("{8BC9CEB8-8B4A-11D0-8D11-00A0C91BC942}") = "asosiasi", "asosiasi\asosiasi.vcxproj", "{33C4B7AF-2DAA-431B-AE91-282F584DBE2C}"
EndProject
Project("{8BC9CEB8-8B4A-11D0-8D11-00A0C91BC942}") = "mainIA", "mainIA\mainIA.vcxproj", "{739B8714-9BAB-4C60-97FB-83F6E660A02E}"
EndProject
Global
	GlobalSection(SolutionConfigurationPlatforms) = preSolution
		Debug|x64 = Debug|x64
		Debug|x86 = Debug|x86
		Release|x64 = Release|x64
		Release|x86 = Release|x86
	EndGlobalSection
	GlobalSection(ProjectConfigurationPlatforms) = postSolution
		{ABBB50CF-C4DB-4EC5-905A-24068E1D4C3C}.Debug|x64.ActiveCfg = Debug|x64
		{ABBB50CF-C4DB-4EC5-905A-24068E1D4C3C}.Debug|x64.Build.0 = Debug|x64
		{ABBB50CF-C4DB-4EC5-905A-24068E1D4C3C}.Debug|x86.ActiveCfg = Debug|Win32
		{ABBB50CF-C4DB-4EC5-905A-24068E1D4C3C}.Debug|x86.Build.0 = Debug|Win32
		{ABBB50CF-C4DB-4EC5-905A-24068E1D4C3C}.Release|x64.ActiveCfg = Release|x64
		{ABBB50CF-C4DB-4EC5-905A-24068E1D4C3C}.Release|x64.Build.0 = Release|x64
		{ABBB50CF-C4DB-4EC5-905A-24068E1D4C3C}.Release|x86.ActiveCfg = Release|Win32
		{ABBB50CF-C4DB-4EC5-905A-24068E1D4C3C}.Release|x86.Build.0 = Release|Win32
		{33C4B7AF-2DAA-431B-AE91-282F584DBE2C}.Debug|x64.ActiveCfg = Debug|x64
		{33C4B7AF-2DAA-431B-AE91-282F584DBE2C}.Debug|x64.Build.0 = Debug|x64
		{33C4B7AF-2DAA-431B-AE91-282F584DBE2C}.Debug|x86.ActiveCfg = Debug|Win32
		{33C4B7AF-2DAA-431B-AE91-282F584DBE2C}.Debug|x86.Build.0 = Debug|Win32
		{33C4B7AF-2DAA-431B-AE91-282F584DBE2C}.Release|x64.ActiveCfg = Release|x64
		{33C4B7AF-2DAA-431B-AE91-282F584DBE2C}.Release|x64.Build.0 = Release|x64
		{33C4B7AF-2DAA-431B-AE91-282F584DBE2C}.Release|x86.ActiveCfg = Release|Win32
		{33C4B7AF-2DAA-431B-AE91-282F584DBE2C}.Release|x86.Build.0 = Release|Win32
		{739B8714-9BAB-4C60-97FB-83F6E660A02E}.Debug|x64.ActiveCfg = Debug|x64
		{739B8714-9BAB-4C60-97FB-83F6E660A02E}.Debug|x64.Build.0 = Debug|x64
		{739B8714-9BAB-4C60-97FB-83F6E660A02E}.Debug|x86.ActiveCfg = Debug|Win32
		{739B8714-9BAB-4C60-97FB-83F6E660A02E}.Debug|x86.Build.0 = Debug|Win32
		{739B8714-9BAB-4C60-97FB-83F6E660A02E}.Release|x64.ActiveCfg = Release|x64
		{739B8714-9BAB-4C60-97FB-83F6E660A02E}.Release|x64.Build.0 = Release|x64
		{739B8714-9BAB-4C60-97FB-83F6E660A02E}.Release|x86.ActiveCfg = Release|Win32
		{739B8714-9BAB-4C60-97FB-83F6E660A02E}.Release|x86.Build.0 = Release|Win32
	EndGlobalSection
	GlobalSection(SolutionProperties) = preSolution
		HideSolutionNode = FALSE
	EndGlobalSection
	GlobalSection(ExtensibilityGlobals) = postSolution
		SolutionGuid = {5AFB7BB5-D62C-49FB-A993-F2D93DF81171}
	EndGlobalSection
EndGlobal
